
Microsoft Visual Studio Solution File, Format Version 12.00
# Visual Studio Version 18
VisualStudioVersion = 18.1.11304.174
MinimumVisualStudioVersion = 10.0.40219.1
Project("{FAE04EC0-301F-11D3-BF4B-00C04F79EFBC}") = "MegabonkTogether.Plugin", "src\plugin\MegabonkTogether.Plugin.csproj", "{8833E850-5231-428F-8719-1309B3E354FF}"
EndProject
Project("{2150E333-8FDC-42A3-9474-1A3956D46DE8}") = "src", "src", "{02EA681E-C7D8-13C7-8484-4AC65E1B71E8}"
EndProject
Project("{FAE04EC0-301F-11D3-BF4B-00C04F79EFBC}") = "MegabonkTogether.Server", "src\server\MegabonkTogether.Server.csproj", "{D62E48C7-173F-4BFD-B345-C16EA9CF1358}"
EndProject
Project("{FAE04EC0-301F-11D3-BF4B-00C04F79EFBC}") = "MegabonkTogether.Common", "src\common\MegabonkTogether.Common.csproj", "{EA8063BE-3F1F-457F-86AF-D2F3EA98C426}"
EndProject
Global
	GlobalSection(SolutionConfigurationPlatforms) = preSolution
		Debug|Any CPU = Debug|Any CPU
		Release|Any CPU = Release|Any CPU
	EndGlobalSection
	GlobalSection(ProjectConfigurationPlatforms) = postSolution
		{8833E850-5231-428F-8719-1309B3E354FF}.Debug|Any CPU.ActiveCfg = Debug|Any CPU
		{8833E850-5231-428F-8719-1309B3E354FF}.Debug|Any CPU.Build.0 = Debug|Any CPU
		{8833E850-5231-428F-8719-1309B3E354FF}.Release|Any CPU.ActiveCfg = Release|Any CPU
		{8833E850-5231-428F-8719-1309B3E354FF}.Release|Any CPU.Build.0 = Release|Any CPU
		{D62E48C7-173F-4BFD-B345-C16EA9CF1358}.Debug|Any CPU.ActiveCfg = Debug|Any CPU
		{D62E48C7-173F-4BFD-B345-C16EA9CF1358}.Debug|Any CPU.Build.0 = Debug|Any CPU
		{D62E48C7-173F-4BFD-B345-C16EA9CF1358}.Release|Any CPU.ActiveCfg = Release|Any CPU
		{D62E48C7-173F-4BFD-B345-C16EA9CF1358}.Release|Any CPU.Build.0 = Release|Any CPU
		{EA8063BE-3F1F-457F-86AF-D2F3EA98C426}.Debug|Any CPU.ActiveCfg = Debug|Any CPU
		{EA8063BE-3F1F-457F-86AF-D2F3EA98C426}.Debug|Any CPU.Build.0 = Debug|Any CPU
		{EA8063BE-3F1F-457F-86AF-D2F3EA98C426}.Release|Any CPU.ActiveCfg = Release|Any CPU
		{EA8063BE-3F1F-457F-86AF-D2F3EA98C426}.Release|Any CPU.Build.0 = Release|Any CPU
	EndGlobalSection
	GlobalSection(SolutionProperties) = preSolution
		HideSolutionNode = FALSE
	EndGlobalSection
	GlobalSection(NestedProjects) = preSolution
		{8833E850-5231-428F-8719-1309B3E354FF} = {02EA681E-C7D8-13C7-8484-4AC65E1B71E8}
		{D62E48C7-173F-4BFD-B345-C16EA9CF1358} = {02EA681E-C7D8-13C7-8484-4AC65E1B71E8}
		{EA8063BE-3F1F-457F-86AF-D2F3EA98C426} = {02EA681E-C7D8-13C7-8484-4AC65E1B71E8}
	EndGlobalSection
	GlobalSection(ExtensibilityGlobals) = postSolution
		SolutionGuid = {1B20C257-BF91-43FD-B8E1-BB913CB88FE4}
	EndGlobalSection
EndGlobal
